
Microsoft Visual Studio Solution File, Format Version 12.00
# Visual Studio Version 16
VisualStudioVersion = 16.0.31019.35
MinimumVisualStudioVersion = 10.0.40219.1
Project("{9A19103F-16F7-4668-BE54-9A1E7A4F7556}") = "dz6", "dz6\dz6.csproj", "{720DAE7F-BAEA-4B9E-AB4C-9A383C87ABAD}"
EndProject
Project("{FAE04EC0-301F-11D3-BF4B-00C04F79EFBC}") = "dz6.Tests", "dz6.Tests\dz6.Tests.csproj", "{0F60D6A6-1544-4102-BD0C-B240A5CB4488}"
EndProject
Global
	GlobalSection(SolutionConfigurationPlatforms) = preSolution
		Debug|Any CPU = Debug|Any CPU
		Release|Any CPU = Release|Any CPU
	EndGlobalSection
	GlobalSection(ProjectConfigurationPlatforms) = postSolution
		{720DAE7F-BAEA-4B9E-AB4C-9A383C87ABAD}.Debug|Any CPU.ActiveCfg = Debug|Any CPU
		{720DAE7F-BAEA-4B9E-AB4C-9A383C87ABAD}.Debug|Any CPU.Build.0 = Debug|Any CPU
		{720DAE7F-BAEA-4B9E-AB4C-9A383C87ABAD}.Release|Any CPU.ActiveCfg = Release|Any CPU
		{720DAE7F-BAEA-4B9E-AB4C-9A383C87ABAD}.Release|Any CPU.Build.0 = Release|Any CPU
		{0F60D6A6-1544-4102-BD0C-B240A5CB4488}.Debug|Any CPU.ActiveCfg = Debug|Any CPU
		{0F60D6A6-1544-4102-BD0C-B240A5CB4488}.Debug|Any CPU.Build.0 = Debug|Any CPU
		{0F60D6A6-1544-4102-BD0C-B240A5CB4488}.Release|Any CPU.ActiveCfg = Release|Any CPU
		{0F60D6A6-1544-4102-BD0C-B240A5CB4488}.Release|Any CPU.Build.0 = Release|Any CPU
	EndGlobalSection
	GlobalSection(SolutionProperties) = preSolution
		HideSolutionNode = FALSE
	EndGlobalSection
	GlobalSection(ExtensibilityGlobals) = postSolution
		SolutionGuid = {44CEE77E-45AC-4480-80AC-436704D7C259}
	EndGlobalSection
EndGlobal
